# THIS IS AN AUTOGENERATED FILE. DO NOT EDIT THIS FILE DIRECTLY.
# yarn lockfile v1


canvas@^2.0.0-alpha.6:
  version "2.0.0-alpha.6"
  resolved "https://registry.yarnpkg.com/canvas/-/canvas-2.0.0-alpha.6.tgz#5538c4d3bb3fffcd23c8e0bf2770c9f5b07b543e"
  dependencies:
    nan "^2.4.0"

nan@^2.4.0:
  version "2.7.0"
  resolved "https://registry.yarnpkg.com/nan/-/nan-2.7.0.tgz#d95bf721ec877e08db276ed3fc6eb78f9083ad46"
